Microsoft Visual Studio Solution File, Format Version 12.00
# Visual Studio Version 17
VisualStudioVersion = 17.0.31903.59
MinimumVisualStudioVersion = 10.0.40219.1
Project("{2150E333-8FDC-42A3-9474-1A3956D46DE8}") = "src", "src", "{5CAD315B-D5C8-4292-8EAA-49D032394855}"
EndProject
Project("{FAE04EC0-301F-11D3-BF4B-00C04F79EFBC}") = "Sample.ServiceDefaults", "src\Sample.ServiceDefaults\Sample.ServiceDefaults.csproj", "{DEE8ADEB-5760-4AE2-8F5A-00EF2CAEFC4E}"
EndProject
Project("{FAE04EC0-301F-11D3-BF4B-00C04F79EFBC}") = "Sample.AppHost", "src\Sample.AppHost\Sample.AppHost.csproj", "{22071F54-0F10-4DC8-B7B7-F0FF1515F7FD}"
EndProject
Project("{2150E333-8FDC-42A3-9474-1A3956D46DE8}") = "Services", "Services", "{AA8990CE-9885-402C-9A2D-2DCA9B45572C}"
EndProject
Project("{FAE04EC0-301F-11D3-BF4B-00C04F79EFBC}") = "Sample.YarpGateway", "src\Sample.YarpGateway\Sample.YarpGateway.csproj", "{D2AF76E3-0554-4D9E-8972-554D8DE249C5}"
EndProject
Project("{2150E333-8FDC-42A3-9474-1A3956D46DE8}") = "Aspire", "Aspire", "{FD432981-EB22-4E8F-B522-E0D4AFCE6CAD}"
EndProject
Project("{2150E333-8FDC-42A3-9474-1A3956D46DE8}") = "Gateway", "Gateway", "{9A84808B-5BC7-43F9-B720-462A948D6880}"
EndProject
Project("{2150E333-8FDC-42A3-9474-1A3956D46DE8}") = "Shared", "Shared", "{6B56A464-8B6E-4702-95BF-C93AFE0B9EF7}"
EndProject
Project("{FAE04EC0-301F-11D3-BF4B-00C04F79EFBC}") = "Sample.Aspire.AppHost", "src\Aspire\Sample.Aspire.AppHost\Sample.Aspire.AppHost.csproj", "{547057E6-2B7B-45C1-A44C-64A5D0E0C9EE}"
EndProject
Project("{FAE04EC0-301F-11D3-BF4B-00C04F79EFBC}") = "Sample.Aspire.ServiceDefaults", "src\Aspire\Sample.Aspire.ServiceDefaults\Sample.Aspire.ServiceDefaults.csproj", "{7A0DD1D0-E444-4C6A-8E76-C205E7B8ADE0}"
EndProject
Project("{FAE04EC0-301F-11D3-BF4B-00C04F79EFBC}") = "Sample.Gateway.Yarp", "src\Gateway\Sample.Gateway.Yarp\Sample.Gateway.Yarp.csproj", "{836DEC3C-3971-4D55-BC1C-7507E88CD133}"
EndProject
Project("{FAE04EC0-301F-11D3-BF4B-00C04F79EFBC}") = "Sample.Services.Organizations", "src\Services\Sample.Services.Organizations\Sample.Services.Organizations.csproj", "{61A2CEBF-F055-438F-8313-9D82D5C2D269}"
EndProject
Project("{FAE04EC0-301F-11D3-BF4B-00C04F79EFBC}") = "Sample.Services.Notifications", "src\Services\Sample.Services.Notifications\Sample.Services.Notifications.csproj", "{19F5FB43-24CA-4CE4-BD7A-19EE18DBA888}"
EndProject
Project("{FAE04EC0-301F-11D3-BF4B-00C04F79EFBC}") = "Sample.Services.Users", "src\Services\Sample.Services.Users\Sample.Services.Users.csproj", "{D3D26A6C-C089-466B-B37A-02C680ECF167}"
EndProject
Project("{FAE04EC0-301F-11D3-BF4B-00C04F79EFBC}") = "Sample.Shared.Messages", "src\Shared\Sample.Shared.Messages\Sample.Shared.Messages.csproj", "{5E498BA4-EF75-42F6-94F4-39E68072F1E7}"
EndProject
Global
	GlobalSection(SolutionConfigurationPlatforms) = preSolution
		Debug|Any CPU = Debug|Any CPU
		Release|Any CPU = Release|Any CPU
	EndGlobalSection
	GlobalSection(SolutionProperties) = preSolution
		HideSolutionNode = FALSE
	EndGlobalSection
	GlobalSection(NestedProjects) = preSolution
		{DEE8ADEB-5760-4AE2-8F5A-00EF2CAEFC4E} = {5CAD315B-D5C8-4292-8EAA-49D032394855}
		{22071F54-0F10-4DC8-B7B7-F0FF1515F7FD} = {5CAD315B-D5C8-4292-8EAA-49D032394855}
		{AA8990CE-9885-402C-9A2D-2DCA9B45572C} = {5CAD315B-D5C8-4292-8EAA-49D032394855}
		{D2AF76E3-0554-4D9E-8972-554D8DE249C5} = {5CAD315B-D5C8-4292-8EAA-49D032394855}
		{FD432981-EB22-4E8F-B522-E0D4AFCE6CAD} = {5CAD315B-D5C8-4292-8EAA-49D032394855}
		{9A84808B-5BC7-43F9-B720-462A948D6880} = {5CAD315B-D5C8-4292-8EAA-49D032394855}
		{6B56A464-8B6E-4702-95BF-C93AFE0B9EF7} = {5CAD315B-D5C8-4292-8EAA-49D032394855}
		{547057E6-2B7B-45C1-A44C-64A5D0E0C9EE} = {FD432981-EB22-4E8F-B522-E0D4AFCE6CAD}
		{7A0DD1D0-E444-4C6A-8E76-C205E7B8ADE0} = {FD432981-EB22-4E8F-B522-E0D4AFCE6CAD}
		{836DEC3C-3971-4D55-BC1C-7507E88CD133} = {9A84808B-5BC7-43F9-B720-462A948D6880}
		{61A2CEBF-F055-438F-8313-9D82D5C2D269} = {AA8990CE-9885-402C-9A2D-2DCA9B45572C}
		{19F5FB43-24CA-4CE4-BD7A-19EE18DBA888} = {AA8990CE-9885-402C-9A2D-2DCA9B45572C}
		{D3D26A6C-C089-466B-B37A-02C680ECF167} = {AA8990CE-9885-402C-9A2D-2DCA9B45572C}
		{5E498BA4-EF75-42F6-94F4-39E68072F1E7} = {6B56A464-8B6E-4702-95BF-C93AFE0B9EF7}
	EndGlobalSection
	GlobalSection(ProjectConfigurationPlatforms) = postSolution
		{DEE8ADEB-5760-4AE2-8F5A-00EF2CAEFC4E}.Debug|Any CPU.ActiveCfg = Debug|Any CPU
		{DEE8ADEB-5760-4AE2-8F5A-00EF2CAEFC4E}.Debug|Any CPU.Build.0 = Debug|Any CPU
		{DEE8ADEB-5760-4AE2-8F5A-00EF2CAEFC4E}.Release|Any CPU.ActiveCfg = Release|Any CPU
		{DEE8ADEB-5760-4AE2-8F5A-00EF2CAEFC4E}.Release|Any CPU.Build.0 = Release|Any CPU
		{22071F54-0F10-4DC8-B7B7-F0FF1515F7FD}.Debug|Any CPU.ActiveCfg = Debug|Any CPU
		{22071F54-0F10-4DC8-B7B7-F0FF1515F7FD}.Debug|Any CPU.Build.0 = Debug|Any CPU
		{22071F54-0F10-4DC8-B7B7-F0FF1515F7FD}.Release|Any CPU.ActiveCfg = Release|Any CPU
		{22071F54-0F10-4DC8-B7B7-F0FF1515F7FD}.Release|Any CPU.Build.0 = Release|Any CPU
		{D2AF76E3-0554-4D9E-8972-554D8DE249C5}.Debug|Any CPU.ActiveCfg = Debug|Any CPU
		{D2AF76E3-0554-4D9E-8972-554D8DE249C5}.Debug|Any CPU.Build.0 = Debug|Any CPU
		{D2AF76E3-0554-4D9E-8972-554D8DE249C5}.Release|Any CPU.ActiveCfg = Release|Any CPU
		{D2AF76E3-0554-4D9E-8972-554D8DE249C5}.Release|Any CPU.Build.0 = Release|Any CPU
		{547057E6-2B7B-45C1-A44C-64A5D0E0C9EE}.Debug|Any CPU.ActiveCfg = Debug|Any CPU
		{547057E6-2B7B-45C1-A44C-64A5D0E0C9EE}.Debug|Any CPU.Build.0 = Debug|Any CPU
		{547057E6-2B7B-45C1-A44C-64A5D0E0C9EE}.Release|Any CPU.ActiveCfg = Release|Any CPU
		{547057E6-2B7B-45C1-A44C-64A5D0E0C9EE}.Release|Any CPU.Build.0 = Release|Any CPU
		{7A0DD1D0-E444-4C6A-8E76-C205E7B8ADE0}.Debug|Any CPU.ActiveCfg = Debug|Any CPU
		{7A0DD1D0-E444-4C6A-8E76-C205E7B8ADE0}.Debug|Any CPU.Build.0 = Debug|Any CPU
		{7A0DD1D0-E444-4C6A-8E76-C205E7B8ADE0}.Release|Any CPU.ActiveCfg = Release|Any CPU
		{7A0DD1D0-E444-4C6A-8E76-C205E7B8ADE0}.Release|Any CPU.Build.0 = Release|Any CPU
		{836DEC3C-3971-4D55-BC1C-7507E88CD133}.Debug|Any CPU.ActiveCfg = Debug|Any CPU
		{836DEC3C-3971-4D55-BC1C-7507E88CD133}.Debug|Any CPU.Build.0 = Debug|Any CPU
		{836DEC3C-3971-4D55-BC1C-7507E88CD133}.Release|Any CPU.ActiveCfg = Release|Any CPU
		{836DEC3C-3971-4D55-BC1C-7507E88CD133}.Release|Any CPU.Build.0 = Release|Any CPU
		{61A2CEBF-F055-438F-8313-9D82D5C2D269}.Debug|Any CPU.ActiveCfg = Debug|Any CPU
		{61A2CEBF-F055-438F-8313-9D82D5C2D269}.Debug|Any CPU.Build.0 = Debug|Any CPU
		{61A2CEBF-F055-438F-8313-9D82D5C2D269}.Release|Any CPU.ActiveCfg = Release|Any CPU
		{61A2CEBF-F055-438F-8313-9D82D5C2D269}.Release|Any CPU.Build.0 = Release|Any CPU
		{19F5FB43-24CA-4CE4-BD7A-19EE18DBA888}.Debug|Any CPU.ActiveCfg = Debug|Any CPU
		{19F5FB43-24CA-4CE4-BD7A-19EE18DBA888}.Debug|Any CPU.Build.0 = Debug|Any CPU
		{19F5FB43-24CA-4CE4-BD7A-19EE18DBA888}.Release|Any CPU.ActiveCfg = Release|Any CPU
		{19F5FB43-24CA-4CE4-BD7A-19EE18DBA888}.Release|Any CPU.Build.0 = Release|Any CPU
		{D3D26A6C-C089-466B-B37A-02C680ECF167}.Debug|Any CPU.ActiveCfg = Debug|Any CPU
		{D3D26A6C-C089-466B-B37A-02C680ECF167}.Debug|Any CPU.Build.0 = Debug|Any CPU
		{D3D26A6C-C089-466B-B37A-02C680ECF167}.Release|Any CPU.ActiveCfg = Release|Any CPU
		{D3D26A6C-C089-466B-B37A-02C680ECF167}.Release|Any CPU.Build.0 = Release|Any CPU
		{5E498BA4-EF75-42F6-94F4-39E68072F1E7}.Debug|Any CPU.ActiveCfg = Debug|Any CPU
		{5E498BA4-EF75-42F6-94F4-39E68072F1E7}.Debug|Any CPU.Build.0 = Debug|Any CPU
		{5E498BA4-EF75-42F6-94F4-39E68072F1E7}.Release|Any CPU.ActiveCfg = Release|Any CPU
		{5E498BA4-EF75-42F6-94F4-39E68072F1E7}.Release|Any CPU.Build.0 = Release|Any CPU
	EndGlobalSection
EndGlobal
