Microsoft Visual Studio Solution File, Format Version 12.00
# Visual Studio Version 17
VisualStudioVersion = 17.0.31903.59
MinimumVisualStudioVersion = 10.0.40219.1
Project("{2150E333-8FDC-42A3-9474-1A3956D46DE8}") = "src", "src", "{5CAD315B-D5C8-4292-8EAA-49D032394855}"
EndProject
Project("{2150E333-8FDC-42A3-9474-1A3956D46DE8}") = "Aspire", "Aspire", "{FD432981-EB22-4E8F-B522-E0D4AFCE6CAD}"
EndProject
Project("{2150E333-8FDC-42A3-9474-1A3956D46DE8}") = "Shared", "Shared", "{6B56A464-8B6E-4702-95BF-C93AFE0B9EF7}"
EndProject
Project("{FAE04EC0-301F-11D3-BF4B-00C04F79EFBC}") = "Sample.Aspire.AppHost", "src\Aspire\Sample.Aspire.AppHost\Sample.Aspire.AppHost.csproj", "{547057E6-2B7B-45C1-A44C-64A5D0E0C9EE}"
EndProject
Project("{2150E333-8FDC-42A3-9474-1A3956D46DE8}") = "Bootstrapper", "Bootstrapper", "{C795554A-80B1-42B5-9F80-029D69FBB62A}"
EndProject
Project("{FAE04EC0-301F-11D3-BF4B-00C04F79EFBC}") = "Sample.Bootstrapper", "src\Bootstrapper\Sample.Bootstrapper\Sample.Bootstrapper.csproj", "{F7839CF2-280D-43DE-B3EE-35790009B755}"
EndProject
Project("{2150E333-8FDC-42A3-9474-1A3956D46DE8}") = "Modules", "Modules", "{30F71C6D-C82B-42B9-9F4F-FC54779145A7}"
EndProject
Project("{FAE04EC0-301F-11D3-BF4B-00C04F79EFBC}") = "Sample.Aspire.ServiceDefaults", "src\Aspire\Sample.Aspire.ServiceDefaults\Sample.Aspire.ServiceDefaults.csproj", "{398FB0AB-DEF2-428E-8846-A9619720F723}"
EndProject
Project("{FAE04EC0-301F-11D3-BF4B-00C04F79EFBC}") = "Sample.Shared.Infrastructure", "src\Shared\Sample.Shared.Infrastructure\Sample.Shared.Infrastructure.csproj", "{A540B911-5135-4773-A38D-CB9F33F3593F}"
EndProject
Project("{FAE04EC0-301F-11D3-BF4B-00C04F79EFBC}") = "Sample.Shared.Contracts", "src\Shared\Sample.Shared.Contracts\Sample.Shared.Contracts.csproj", "{7FFD55BC-73E5-4C8D-8A75-8B45D944C955}"
EndProject
Project("{FAE04EC0-301F-11D3-BF4B-00C04F79EFBC}") = "Sample.Modules.Communications", "src\Modules\Sample.Modules.Communications\Sample.Modules.Communications.csproj", "{FAA5F22A-AB88-4462-B679-420BD4FE5CEF}"
EndProject
Project("{FAE04EC0-301F-11D3-BF4B-00C04F79EFBC}") = "Sample.Modules.Users", "src\Modules\Sample.Modules.Users\Sample.Modules.Users.csproj", "{B74A0C25-F54E-4309-A781-E8FD4C4AA154}"
EndProject
Project("{FAE04EC0-301F-11D3-BF4B-00C04F79EFBC}") = "Sample.Modules.Organizations", "src\Modules\Sample.Modules.Organizations\Sample.Modules.Organizations.csproj", "{8CA0B4C1-8759-4D6E-A6AB-AF9DF694FF26}"
EndProject
Global
	GlobalSection(SolutionConfigurationPlatforms) = preSolution
		Debug|Any CPU = Debug|Any CPU
		Release|Any CPU = Release|Any CPU
	EndGlobalSection
	GlobalSection(SolutionProperties) = preSolution
		HideSolutionNode = FALSE
	EndGlobalSection
	GlobalSection(NestedProjects) = preSolution
		{FD432981-EB22-4E8F-B522-E0D4AFCE6CAD} = {5CAD315B-D5C8-4292-8EAA-49D032394855}
		{6B56A464-8B6E-4702-95BF-C93AFE0B9EF7} = {5CAD315B-D5C8-4292-8EAA-49D032394855}
		{547057E6-2B7B-45C1-A44C-64A5D0E0C9EE} = {FD432981-EB22-4E8F-B522-E0D4AFCE6CAD}
		{C795554A-80B1-42B5-9F80-029D69FBB62A} = {5CAD315B-D5C8-4292-8EAA-49D032394855}
		{F7839CF2-280D-43DE-B3EE-35790009B755} = {C795554A-80B1-42B5-9F80-029D69FBB62A}
		{30F71C6D-C82B-42B9-9F4F-FC54779145A7} = {5CAD315B-D5C8-4292-8EAA-49D032394855}
		{398FB0AB-DEF2-428E-8846-A9619720F723} = {FD432981-EB22-4E8F-B522-E0D4AFCE6CAD}
		{A540B911-5135-4773-A38D-CB9F33F3593F} = {6B56A464-8B6E-4702-95BF-C93AFE0B9EF7}
		{7FFD55BC-73E5-4C8D-8A75-8B45D944C955} = {6B56A464-8B6E-4702-95BF-C93AFE0B9EF7}
		{FAA5F22A-AB88-4462-B679-420BD4FE5CEF} = {30F71C6D-C82B-42B9-9F4F-FC54779145A7}
		{B74A0C25-F54E-4309-A781-E8FD4C4AA154} = {30F71C6D-C82B-42B9-9F4F-FC54779145A7}
		{8CA0B4C1-8759-4D6E-A6AB-AF9DF694FF26} = {30F71C6D-C82B-42B9-9F4F-FC54779145A7}
	EndGlobalSection
	GlobalSection(ProjectConfigurationPlatforms) = postSolution
		{547057E6-2B7B-45C1-A44C-64A5D0E0C9EE}.Debug|Any CPU.ActiveCfg = Debug|Any CPU
		{547057E6-2B7B-45C1-A44C-64A5D0E0C9EE}.Debug|Any CPU.Build.0 = Debug|Any CPU
		{547057E6-2B7B-45C1-A44C-64A5D0E0C9EE}.Release|Any CPU.ActiveCfg = Release|Any CPU
		{547057E6-2B7B-45C1-A44C-64A5D0E0C9EE}.Release|Any CPU.Build.0 = Release|Any CPU
		{F7839CF2-280D-43DE-B3EE-35790009B755}.Debug|Any CPU.ActiveCfg = Debug|Any CPU
		{F7839CF2-280D-43DE-B3EE-35790009B755}.Debug|Any CPU.Build.0 = Debug|Any CPU
		{F7839CF2-280D-43DE-B3EE-35790009B755}.Release|Any CPU.ActiveCfg = Release|Any CPU
		{F7839CF2-280D-43DE-B3EE-35790009B755}.Release|Any CPU.Build.0 = Release|Any CPU
		{398FB0AB-DEF2-428E-8846-A9619720F723}.Debug|Any CPU.ActiveCfg = Debug|Any CPU
		{398FB0AB-DEF2-428E-8846-A9619720F723}.Debug|Any CPU.Build.0 = Debug|Any CPU
		{398FB0AB-DEF2-428E-8846-A9619720F723}.Release|Any CPU.ActiveCfg = Release|Any CPU
		{398FB0AB-DEF2-428E-8846-A9619720F723}.Release|Any CPU.Build.0 = Release|Any CPU
		{A540B911-5135-4773-A38D-CB9F33F3593F}.Debug|Any CPU.ActiveCfg = Debug|Any CPU
		{A540B911-5135-4773-A38D-CB9F33F3593F}.Debug|Any CPU.Build.0 = Debug|Any CPU
		{A540B911-5135-4773-A38D-CB9F33F3593F}.Release|Any CPU.ActiveCfg = Release|Any CPU
		{A540B911-5135-4773-A38D-CB9F33F3593F}.Release|Any CPU.Build.0 = Release|Any CPU
		{7FFD55BC-73E5-4C8D-8A75-8B45D944C955}.Debug|Any CPU.ActiveCfg = Debug|Any CPU
		{7FFD55BC-73E5-4C8D-8A75-8B45D944C955}.Debug|Any CPU.Build.0 = Debug|Any CPU
		{7FFD55BC-73E5-4C8D-8A75-8B45D944C955}.Release|Any CPU.ActiveCfg = Release|Any CPU
		{7FFD55BC-73E5-4C8D-8A75-8B45D944C955}.Release|Any CPU.Build.0 = Release|Any CPU
		{FAA5F22A-AB88-4462-B679-420BD4FE5CEF}.Debug|Any CPU.ActiveCfg = Debug|Any CPU
		{FAA5F22A-AB88-4462-B679-420BD4FE5CEF}.Debug|Any CPU.Build.0 = Debug|Any CPU
		{FAA5F22A-AB88-4462-B679-420BD4FE5CEF}.Release|Any CPU.ActiveCfg = Release|Any CPU
		{FAA5F22A-AB88-4462-B679-420BD4FE5CEF}.Release|Any CPU.Build.0 = Release|Any CPU
		{B74A0C25-F54E-4309-A781-E8FD4C4AA154}.Debug|Any CPU.ActiveCfg = Debug|Any CPU
		{B74A0C25-F54E-4309-A781-E8FD4C4AA154}.Debug|Any CPU.Build.0 = Debug|Any CPU
		{B74A0C25-F54E-4309-A781-E8FD4C4AA154}.Release|Any CPU.ActiveCfg = Release|Any CPU
		{B74A0C25-F54E-4309-A781-E8FD4C4AA154}.Release|Any CPU.Build.0 = Release|Any CPU
		{8CA0B4C1-8759-4D6E-A6AB-AF9DF694FF26}.Debug|Any CPU.ActiveCfg = Debug|Any CPU
		{8CA0B4C1-8759-4D6E-A6AB-AF9DF694FF26}.Debug|Any CPU.Build.0 = Debug|Any CPU
		{8CA0B4C1-8759-4D6E-A6AB-AF9DF694FF26}.Release|Any CPU.ActiveCfg = Release|Any CPU
		{8CA0B4C1-8759-4D6E-A6AB-AF9DF694FF26}.Release|Any CPU.Build.0 = Release|Any CPU
	EndGlobalSection
EndGlobal
